github.com/wzshiming/gotype v0.7.1 h1:HcFzxoBQxwslmsC7JguIuC6EvbeuKDz8uL7SQ287kgc=
github.com/wzshiming/gotype v0.7.1/go.mod h1:7YULvVsDObRVX2U6iUcF5hixYvHFavLsTSIW26c5GLM=
github.com/wzshiming/namecase v0.2.0 h1:zRWDTVN8Yfzz9YfpOuM/TpYza/HRO9SrWAR6l9mMpKQ=
github.com/wzshiming/namecase v0.2.0/go.mod h1:FJT9Q8a289dtinO3AJUDKqRP9UQzq9UxpWDevdDVvYA=
